
Microsoft Visual Studio Solution File, Format Version 12.00
Project("{FAE04EC0-301F-11D3-BF4B-00C04F79EFBC}") = "SC.DevChallenge.Api", "SC.DevChallenge.Api\SC.DevChallenge.Api.csproj", "{5C900BA3-7641-47CE-814D-18F84D92267E}"
EndProject
Project("{2150E333-8FDC-42A3-9474-1A3956D46DE8}") = "src", "src", "{A3CF259B-B7B5-4C59-A255-34A177B5D6F8}"
EndProject
Project("{2150E333-8FDC-42A3-9474-1A3956D46DE8}") = "test", "test", "{8E897BB0-4F6A-459D-AC8C-E7F6C06A32EB}"
EndProject
Project("{2150E333-8FDC-42A3-9474-1A3956D46DE8}") = "config", "config", "{B5A7EEB9-F000-4185-86F3-7EFEA598FE88}"
	ProjectSection(SolutionItems) = preProject
		.gitignore = .gitignore
		README.md = README.md
	EndProjectSection
EndProject
Project("{FAE04EC0-301F-11D3-BF4B-00C04F79EFBC}") = "Sc.DevChallenge.Domain", "Sc.DevChallenge.Domain\Sc.DevChallenge.Domain.csproj", "{A92FA0E0-E9B3-49D5-8E42-652884B48A5E}"
EndProject
Project("{FAE04EC0-301F-11D3-BF4B-00C04F79EFBC}") = "Sc.DevChallenge.Application", "Sc.DevChallenge.Application\Sc.DevChallenge.Application.csproj", "{2DA0485C-B2A5-4969-924E-509FF7B00378}"
EndProject
Project("{FAE04EC0-301F-11D3-BF4B-00C04F79EFBC}") = "Sc.DevChallenge.Infrastructure", "Sc.DevChallenge.Infrastructure\Sc.DevChallenge.Infrastructure.csproj", "{E0E2DEE9-BE89-4DBA-AA5C-FC7DCFDADEBA}"
EndProject
Project("{FAE04EC0-301F-11D3-BF4B-00C04F79EFBC}") = "Sc.DevChallenge.Application.UnitTests", "Sc.DevChallenge.Application.UnitTests\Sc.DevChallenge.Application.UnitTests.csproj", "{FDA94F92-E68B-4D5A-BA77-11BA9EA15341}"
EndProject
Global
	GlobalSection(SolutionConfigurationPlatforms) = preSolution
		Debug|Any CPU = Debug|Any CPU
		Release|Any CPU = Release|Any CPU
	EndGlobalSection
	GlobalSection(ProjectConfigurationPlatforms) = postSolution
		{5C900BA3-7641-47CE-814D-18F84D92267E}.Debug|Any CPU.ActiveCfg = Debug|Any CPU
		{5C900BA3-7641-47CE-814D-18F84D92267E}.Debug|Any CPU.Build.0 = Debug|Any CPU
		{5C900BA3-7641-47CE-814D-18F84D92267E}.Release|Any CPU.ActiveCfg = Release|Any CPU
		{5C900BA3-7641-47CE-814D-18F84D92267E}.Release|Any CPU.Build.0 = Release|Any CPU
		{A92FA0E0-E9B3-49D5-8E42-652884B48A5E}.Debug|Any CPU.ActiveCfg = Debug|Any CPU
		{A92FA0E0-E9B3-49D5-8E42-652884B48A5E}.Debug|Any CPU.Build.0 = Debug|Any CPU
		{A92FA0E0-E9B3-49D5-8E42-652884B48A5E}.Release|Any CPU.ActiveCfg = Release|Any CPU
		{A92FA0E0-E9B3-49D5-8E42-652884B48A5E}.Release|Any CPU.Build.0 = Release|Any CPU
		{2DA0485C-B2A5-4969-924E-509FF7B00378}.Debug|Any CPU.ActiveCfg = Debug|Any CPU
		{2DA0485C-B2A5-4969-924E-509FF7B00378}.Debug|Any CPU.Build.0 = Debug|Any CPU
		{2DA0485C-B2A5-4969-924E-509FF7B00378}.Release|Any CPU.ActiveCfg = Release|Any CPU
		{2DA0485C-B2A5-4969-924E-509FF7B00378}.Release|Any CPU.Build.0 = Release|Any CPU
		{E0E2DEE9-BE89-4DBA-AA5C-FC7DCFDADEBA}.Debug|Any CPU.ActiveCfg = Debug|Any CPU
		{E0E2DEE9-BE89-4DBA-AA5C-FC7DCFDADEBA}.Debug|Any CPU.Build.0 = Debug|Any CPU
		{E0E2DEE9-BE89-4DBA-AA5C-FC7DCFDADEBA}.Release|Any CPU.ActiveCfg = Release|Any CPU
		{E0E2DEE9-BE89-4DBA-AA5C-FC7DCFDADEBA}.Release|Any CPU.Build.0 = Release|Any CPU
		{FDA94F92-E68B-4D5A-BA77-11BA9EA15341}.Debug|Any CPU.ActiveCfg = Debug|Any CPU
		{FDA94F92-E68B-4D5A-BA77-11BA9EA15341}.Debug|Any CPU.Build.0 = Debug|Any CPU
		{FDA94F92-E68B-4D5A-BA77-11BA9EA15341}.Release|Any CPU.ActiveCfg = Release|Any CPU
		{FDA94F92-E68B-4D5A-BA77-11BA9EA15341}.Release|Any CPU.Build.0 = Release|Any CPU
	EndGlobalSection
	GlobalSection(NestedProjects) = preSolution
		{5C900BA3-7641-47CE-814D-18F84D92267E} = {A3CF259B-B7B5-4C59-A255-34A177B5D6F8}
		{A92FA0E0-E9B3-49D5-8E42-652884B48A5E} = {A3CF259B-B7B5-4C59-A255-34A177B5D6F8}
		{2DA0485C-B2A5-4969-924E-509FF7B00378} = {A3CF259B-B7B5-4C59-A255-34A177B5D6F8}
		{E0E2DEE9-BE89-4DBA-AA5C-FC7DCFDADEBA} = {A3CF259B-B7B5-4C59-A255-34A177B5D6F8}
		{FDA94F92-E68B-4D5A-BA77-11BA9EA15341} = {8E897BB0-4F6A-459D-AC8C-E7F6C06A32EB}
	EndGlobalSection
EndGlobal
